
Microsoft Visual Studio Solution File, Format Version 11.00
# Visual Studio 2010
Project("{FAE04EC0-301F-11D3-BF4B-00C04F79EFBC}") = "HomeAffairsApp", "HomeAffairsApp\HomeAffairsApp.csproj", "{55B011D0-7B6F-4E9F-8D9B-BFB86A810178}"
EndProject
Global
	GlobalSection(SolutionConfigurationPlatforms) = preSolution
		Debug|x86 = Debug|x86
		Release|x86 = Release|x86
	EndGlobalSection
	GlobalSection(ProjectConfigurationPlatforms) = postSolution
		{55B011D0-7B6F-4E9F-8D9B-BFB86A810178}.Debug|x86.ActiveCfg = Debug|x86
		{55B011D0-7B6F-4E9F-8D9B-BFB86A810178}.Debug|x86.Build.0 = Debug|x86
		{55B011D0-7B6F-4E9F-8D9B-BFB86A810178}.Release|x86.ActiveCfg = Release|x86
		{55B011D0-7B6F-4E9F-8D9B-BFB86A810178}.Release|x86.Build.0 = Release|x86
	EndGlobalSection
	GlobalSection(SolutionProperties) = preSolution
		HideSolutionNode = FALSE
	EndGlobalSection
EndGlobal
